// !$*UTF8*$!
{
	archiveVersion = 1;
	classes = {
	};
	objectVersion = 46;
	objects = {

/* Begin PBXBuildFile section */
		4BA848C2A2CD9E380594BC6A /* Pods_HenriPotierLibrary.framework in Frameworks */ = {isa = PBXBuildFile; fileRef = 18B135221A31F17644A094C0 /* Pods_HenriPotierLibrary.framework */; };
		A55F01BFA0DDE6E1ADA23EBD /* Pods_HenriPotierLibraryTests.framework in Frameworks */ = {isa = PBXBuildFile; fileRef = 475154914F8CC617E786ECA9 /* Pods_HenriPotierLibraryTests.framework */; };
		F99D71321EA9053200351A9A /* Book.swift in Sources */ = {isa = PBXBuildFile; fileRef = F99D71311EA9053200351A9A /* Book.swift */; };
		F99D71451EA90D3400351A9A /* BookTests.swift in Sources */ = {isa = PBXBuildFile; fileRef = F99D71441EA90D3400351A9A /* BookTests.swift */; };
		F99D71591EA95B7D00351A9A /* BooksViewController.swift in Sources */ = {isa = PBXBuildFile; fileRef = F99D71581EA95B7D00351A9A /* BooksViewController.swift */; };
		F99D71641EA95BC100351A9A /* AppDelegate.swift in Sources */ = {isa = PBXBuildFile; fileRef = F99D715B1EA95BC100351A9A /* AppDelegate.swift */; };
		F99D71651EA95BC100351A9A /* Assets.xcassets in Resources */ = {isa = PBXBuildFile; fileRef = F99D715D1EA95BC100351A9A /* Assets.xcassets */; };
		F99D71661EA95BC100351A9A /* LaunchScreen.storyboard in Resources */ = {isa = PBXBuildFile; fileRef = F99D715E1EA95BC100351A9A /* LaunchScreen.storyboard */; };
		F99D71671EA95BC100351A9A /* Main.storyboard in Resources */ = {isa = PBXBuildFile; fileRef = F99D71601EA95BC100351A9A /* Main.storyboard */; };
		F99D71681EA95BC100351A9A /* Info.plist in Resources */ = {isa = PBXBuildFile; fileRef = F99D71621EA95BC100351A9A /* Info.plist */; };
		F99D716B1EA95FEB00351A9A /* BookTableViewCell.swift in Sources */ = {isa = PBXBuildFile; fileRef = F99D716A1EA95FEB00351A9A /* BookTableViewCell.swift */; };
		F9C1B0AF1EB1408E00E52FD4 /* Offer.swift in Sources */ = {isa = PBXBuildFile; fileRef = F9C1B0AE1EB1408E00E52FD4 /* Offer.swift */; };
		F9C1B0B11EB1433700E52FD4 /* OfferTests.swift in Sources */ = {isa = PBXBuildFile; fileRef = F9C1B0B01EB1433700E52FD4 /* OfferTests.swift */; };
		F9C1B0B31EB14C0400E52FD4 /* OfferApiManager.swift in Sources */ = {isa = PBXBuildFile; fileRef = F9C1B0B21EB14C0400E52FD4 /* OfferApiManager.swift */; };
		F9F080CD1EAC1F3F008CB9F7 /* UImageViewExtension.swift in Sources */ = {isa = PBXBuildFile; fileRef = F9F080CC1EAC1F3F008CB9F7 /* UImageViewExtension.swift */; };
		F9F080CF1EAC2616008CB9F7 /* NumberExtension.swift in Sources */ = {isa = PBXBuildFile; fileRef = F9F080CE1EAC2616008CB9F7 /* NumberExtension.swift */; };
		F9F080E61EACB886008CB9F7 /* UIBarButtonItem+Badge.m in Sources */ = {isa = PBXBuildFile; fileRef = F9F080E21EACB886008CB9F7 /* UIBarButtonItem+Badge.m */; };
		F9F080E71EACB886008CB9F7 /* UIButton+Badge.m in Sources */ = {isa = PBXBuildFile; fileRef = F9F080E41EACB886008CB9F7 /* UIButton+Badge.m */; };
		F9F080EE1EACBA90008CB9F7 /* ApiManager.swift in Sources */ = {isa = PBXBuildFile; fileRef = F9F080EB1EACBA90008CB9F7 /* ApiManager.swift */; };
		F9F080EF1EACBA90008CB9F7 /* BookApiManager.swift in Sources */ = {isa = PBXBuildFile; fileRef = F9F080EC1EACBA90008CB9F7 /* BookApiManager.swift */; };
		F9F080F01EACBA90008CB9F7 /* RequestManager.swift in Sources */ = {isa = PBXBuildFile; fileRef = F9F080ED1EACBA90008CB9F7 /* RequestManager.swift */; };
		F9F080F21EACBACB008CB9F7 /* CartManager.swift in Sources */ = {isa = PBXBuildFile; fileRef = F9F080F11EACBACB008CB9F7 /* CartManager.swift */; };
		F9F080F71EAD5984008CB9F7 /* CartViewController.swift in Sources */ = {isa = PBXBuildFile; fileRef = F9F080F61EAD5984008CB9F7 /* CartViewController.swift */; };
		F9F080F91EAD59A3008CB9F7 /* CartTableViewCell.swift in Sources */ = {isa = PBXBuildFile; fileRef = F9F080F81EAD59A3008CB9F7 /* CartTableViewCell.swift */; };
		F9F080FB1EAD5C4D008CB9F7 /* BookModelView.swift in Sources */ = {isa = PBXBuildFile; fileRef = F9F080FA1EAD5C4D008CB9F7 /* BookModelView.swift */; };
/* End PBXBuildFile section */

/* Begin PBXContainerItemProxy section */
		F9C97B481EA6C45B00FA475E /* PBXContainerItemProxy */ = {
			isa = PBXContainerItemProxy;
			containerPortal = F9C97B2B1EA6C45A00FA475E /* Project object */;
			proxyType = 1;
			remoteGlobalIDString = F9C97B321EA6C45A00FA475E;
			remoteInfo = HenriPotierLibrary;
		};
/* End PBXContainerItemProxy section */

/* Begin PBXFileReference section */
		0DCF5FDADAE51D6E72B041CC /* Pods-HenriPotierLibrary.release.xcconfig */ = {isa = PBXFileReference; includeInIndex = 1; lastKnownFileType = text.xcconfig; name = "Pods-HenriPotierLibrary.release.xcconfig"; path = "Pods/Target Support Files/Pods-HenriPotierLibrary/Pods-HenriPotierLibrary.release.xcconfig"; sourceTree = "<group>"; };
		18B135221A31F17644A094C0 /* Pods_HenriPotierLibrary.framework */ = {isa = PBXFileReference; explicitFileType = wrapper.framework; includeInIndex = 0; path = Pods_HenriPotierLibrary.framework; sourceTree = BUILT_PRODUCTS_DIR; };
		19881B2D93B2044AD7EA6141 /* Pods-HenriPotierLibrary.debug.xcconfig */ = {isa = PBXFileReference; includeInIndex = 1; lastKnownFileType = text.xcconfig; name = "Pods-HenriPotierLibrary.debug.xcconfig"; path = "Pods/Target Support Files/Pods-HenriPotierLibrary/Pods-HenriPotierLibrary.debug.xcconfig"; sourceTree = "<group>"; };
		475154914F8CC617E786ECA9 /* Pods_HenriPotierLibraryTests.framework */ = {isa = PBXFileReference; explicitFileType = wrapper.framework; includeInIndex = 0; path = Pods_HenriPotierLibraryTests.framework; sourceTree = BUILT_PRODUCTS_DIR; };
		8CDB94F8D4254A1E22EE4FFA /* Pods-HenriPotierLibraryTests.debug.xcconfig */ = {isa = PBXFileReference; includeInIndex = 1; lastKnownFileType = text.xcconfig; name = "Pods-HenriPotierLibraryTests.debug.xcconfig"; path = "Pods/Target Support Files/Pods-HenriPotierLibraryTests/Pods-HenriPotierLibraryTests.debug.xcconfig"; sourceTree = "<group>"; };
		AE87491EF35F8DFA5E792E08 /* Pods-HenriPotierLibraryTests.release.xcconfig */ = {isa = PBXFileReference; includeInIndex = 1; lastKnownFileType = text.xcconfig; name = "Pods-HenriPotierLibraryTests.release.xcconfig"; path = "Pods/Target Support Files/Pods-HenriPotierLibraryTests/Pods-HenriPotierLibraryTests.release.xcconfig"; sourceTree = "<group>"; };
		F99D71311EA9053200351A9A /* Book.swift */ = {isa = PBXFileReference; fileEncoding = 4; lastKnownFileType = sourcecode.swift; path = Book.swift; sourceTree = "<group>"; };
		F99D71441EA90D3400351A9A /* BookTests.swift */ = {isa = PBXFileReference; fileEncoding = 4; lastKnownFileType = sourcecode.swift; path = BookTests.swift; sourceTree = "<group>"; };
		F99D71581EA95B7D00351A9A /* BooksViewController.swift */ = {isa = PBXFileReference; fileEncoding = 4; lastKnownFileType = sourcecode.swift; path = BooksViewController.swift; sourceTree = "<group>"; };
		F99D715B1EA95BC100351A9A /* AppDelegate.swift */ = {isa = PBXFileReference; fileEncoding = 4; lastKnownFileType = sourcecode.swift; path = AppDelegate.swift; sourceTree = "<group>"; };
		F99D715D1EA95BC100351A9A /* Assets.xcassets */ = {isa = PBXFileReference; lastKnownFileType = folder.assetcatalog; path = Assets.xcassets; sourceTree = "<group>"; };
		F99D715F1EA95BC100351A9A /* Base */ = {isa = PBXFileReference; lastKnownFileType = file.storyboard; name = Base; path = Base.lproj/LaunchScreen.storyboard; sourceTree = "<group>"; };
		F99D71611EA95BC100351A9A /* Base */ = {isa = PBXFileReference; lastKnownFileType = file.storyboard; name = Base; path = Base.lproj/Main.storyboard; sourceTree = "<group>"; };
		F99D71621EA95BC100351A9A /* Info.plist */ = {isa = PBXFileReference; fileEncoding = 4; lastKnownFileType = text.plist.xml; path = Info.plist; sourceTree = "<group>"; };
		F99D716A1EA95FEB00351A9A /* BookTableViewCell.swift */ = {isa = PBXFileReference; fileEncoding = 4; lastKnownFileType = sourcecode.swift; path = BookTableViewCell.swift; sourceTree = "<group>"; };
		F9C1B0AE1EB1408E00E52FD4 /* Offer.swift */ = {isa = PBXFileReference; fileEncoding = 4; lastKnownFileType = sourcecode.swift; path = Offer.swift; sourceTree = "<group>"; };
		F9C1B0B01EB1433700E52FD4 /* OfferTests.swift */ = {isa = PBXFileReference; fileEncoding = 4; lastKnownFileType = sourcecode.swift; path = OfferTests.swift; sourceTree = "<group>"; };
		F9C1B0B21EB14C0400E52FD4 /* OfferApiManager.swift */ = {isa = PBXFileReference; fileEncoding = 4; lastKnownFileType = sourcecode.swift; path = OfferApiManager.swift; sourceTree = "<group>"; };
		F9C97B331EA6C45A00FA475E /* HenriPotierLibrary.app */ = {isa = PBXFileReference; explicitFileType = wrapper.application; includeInIndex = 0; path = HenriPotierLibrary.app; sourceTree = BUILT_PRODUCTS_DIR; };
		F9C97B471EA6C45B00FA475E /* HenriPotierLibraryTests.xctest */ = {isa = PBXFileReference; explicitFileType = wrapper.cfbundle; includeInIndex = 0; path = HenriPotierLibraryTests.xctest; sourceTree = BUILT_PRODUCTS_DIR; };
		F9C97B4D1EA6C45B00FA475E /* Info.plist */ = {isa = PBXFileReference; lastKnownFileType = text.plist.xml; path = Info.plist; sourceTree = "<group>"; };
		F9F080CC1EAC1F3F008CB9F7 /* UImageViewExtension.swift */ = {isa = PBXFileReference; fileEncoding = 4; lastKnownFileType = sourcecode.swift; path = UImageViewExtension.swift; sourceTree = "<group>"; };
		F9F080CE1EAC2616008CB9F7 /* NumberExtension.swift */ = {isa = PBXFileReference; fileEncoding = 4; lastKnownFileType = sourcecode.swift; path = NumberExtension.swift; sourceTree = "<group>"; };
		F9F080E01EACB886008CB9F7 /* BarButtonItemBadge.h */ = {isa = PBXFileReference; fileEncoding = 4; lastKnownFileType = sourcecode.c.h; path = BarButtonItemBadge.h; sourceTree = "<group>"; };
		F9F080E11EACB886008CB9F7 /* UIBarButtonItem+Badge.h */ = {isa = PBXFileReference; fileEncoding = 4; lastKnownFileType = sourcecode.c.h; path = "UIBarButtonItem+Badge.h"; sourceTree = "<group>"; };
		F9F080E21EACB886008CB9F7 /* UIBarButtonItem+Badge.m */ = {isa = PBXFileReference; fileEncoding = 4; lastKnownFileType = sourcecode.c.objc; path = "UIBarButtonItem+Badge.m"; sourceTree = "<group>"; };
		F9F080E31EACB886008CB9F7 /* UIButton+Badge.h */ = {isa = PBXFileReference; fileEncoding = 4; lastKnownFileType = sourcecode.c.h; path = "UIButton+Badge.h"; sourceTree = "<group>"; };
		F9F080E41EACB886008CB9F7 /* UIButton+Badge.m */ = {isa = PBXFileReference; fileEncoding = 4; lastKnownFileType = sourcecode.c.objc; path = "UIButton+Badge.m"; sourceTree = "<group>"; };
		F9F080E51EACB886008CB9F7 /* HenriPotierLibrary-Bridging-Header.h */ = {isa = PBXFileReference; fileEncoding = 4; lastKnownFileType = sourcecode.c.h; path = "HenriPotierLibrary-Bridging-Header.h"; sourceTree = "<group>"; };
		F9F080EB1EACBA90008CB9F7 /* ApiManager.swift */ = {isa = PBXFileReference; fileEncoding = 4; lastKnownFileType = sourcecode.swift; path = ApiManager.swift; sourceTree = "<group>"; };
		F9F080EC1EACBA90008CB9F7 /* BookApiManager.swift */ = {isa = PBXFileReference; fileEncoding = 4; lastKnownFileType = sourcecode.swift; path = BookApiManager.swift; sourceTree = "<group>"; };
		F9F080ED1EACBA90008CB9F7 /* RequestManager.swift */ = {isa = PBXFileReference; fileEncoding = 4; lastKnownFileType = sourcecode.swift; path = RequestManager.swift; sourceTree = "<group>"; };
		F9F080F11EACBACB008CB9F7 /* CartManager.swift */ = {isa = PBXFileReference; fileEncoding = 4; lastKnownFileType = sourcecode.swift; path = CartManager.swift; sourceTree = "<group>"; };
		F9F080F61EAD5984008CB9F7 /* CartViewController.swift */ = {isa = PBXFileReference; fileEncoding = 4; lastKnownFileType = sourcecode.swift; path = CartViewController.swift; sourceTree = "<group>"; };
		F9F080F81EAD59A3008CB9F7 /* CartTableViewCell.swift */ = {isa = PBXFileReference; fileEncoding = 4; lastKnownFileType = sourcecode.swift; path = CartTableViewCell.swift; sourceTree = "<group>"; };
		F9F080FA1EAD5C4D008CB9F7 /* BookModelView.swift */ = {isa = PBXFileReference; fileEncoding = 4; lastKnownFileType = sourcecode.swift; path = BookModelView.swift; sourceTree = "<group>"; };
/* End PBXFileReference section */

/* Begin PBXFrameworksBuildPhase section */
		F9C97B301EA6C45A00FA475E /* Frameworks */ = {
			isa = PBXFrameworksBuildPhase;
			buildActionMask = 2147483647;
			files = (
				4BA848C2A2CD9E380594BC6A /* Pods_HenriPotierLibrary.framework in Frameworks */,
			);
			runOnlyForDeploymentPostprocessing = 0;
		};
		F9C97B441EA6C45B00FA475E /* Frameworks */ = {
			isa = PBXFrameworksBuildPhase;
			buildActionMask = 2147483647;
			files = (
				A55F01BFA0DDE6E1ADA23EBD /* Pods_HenriPotierLibraryTests.framework in Frameworks */,
			);
			runOnlyForDeploymentPostprocessing = 0;
		};
/* End PBXFrameworksBuildPhase section */

/* Begin PBXGroup section */
		4AF85AA7677674591DD9A678 /* Frameworks */ = {
			isa = PBXGroup;
			children = (
				18B135221A31F17644A094C0 /* Pods_HenriPotierLibrary.framework */,
				475154914F8CC617E786ECA9 /* Pods_HenriPotierLibraryTests.framework */,
			);
			name = Frameworks;
			sourceTree = "<group>";
		};
		A809FEC9A3276630FCBD2AA6 /* Pods */ = {
			isa = PBXGroup;
			children = (
				19881B2D93B2044AD7EA6141 /* Pods-HenriPotierLibrary.debug.xcconfig */,
				0DCF5FDADAE51D6E72B041CC /* Pods-HenriPotierLibrary.release.xcconfig */,
				8CDB94F8D4254A1E22EE4FFA /* Pods-HenriPotierLibraryTests.debug.xcconfig */,
				AE87491EF35F8DFA5E792E08 /* Pods-HenriPotierLibraryTests.release.xcconfig */,
			);
			name = Pods;
			sourceTree = "<group>";
		};
		F99D71571EA95B6300351A9A /* BooksView */ = {
			isa = PBXGroup;
			children = (
				F99D71581EA95B7D00351A9A /* BooksViewController.swift */,
				F99D716A1EA95FEB00351A9A /* BookTableViewCell.swift */,
			);
			path = BooksView;
			sourceTree = "<group>";
		};
		F99D715A1EA95BC100351A9A /* Shared */ = {
			isa = PBXGroup;
			children = (
				F99D715B1EA95BC100351A9A /* AppDelegate.swift */,
				F99D715C1EA95BC100351A9A /* Assets */,
			);
			path = Shared;
			sourceTree = "<group>";
		};
		F99D715C1EA95BC100351A9A /* Assets */ = {
			isa = PBXGroup;
			children = (
				F99D715D1EA95BC100351A9A /* Assets.xcassets */,
				F99D715E1EA95BC100351A9A /* LaunchScreen.storyboard */,
				F99D71601EA95BC100351A9A /* Main.storyboard */,
				F99D71621EA95BC100351A9A /* Info.plist */,
			);
			path = Assets;
			sourceTree = "<group>";
		};
		F9C97B2A1EA6C45A00FA475E = {
			isa = PBXGroup;
			children = (
				F9C97B351EA6C45A00FA475E /* HenriPotierLibrary */,
				F9C97B4A1EA6C45B00FA475E /* HenriPotierLibraryTests */,
				F9C97B341EA6C45A00FA475E /* Products */,
				A809FEC9A3276630FCBD2AA6 /* Pods */,
				4AF85AA7677674591DD9A678 /* Frameworks */,
			);
			sourceTree = "<group>";
		};
		F9C97B341EA6C45A00FA475E /* Products */ = {
			isa = PBXGroup;
			children = (
				F9C97B331EA6C45A00FA475E /* HenriPotierLibrary.app */,
				F9C97B471EA6C45B00FA475E /* HenriPotierLibraryTests.xctest */,
			);
			name = Products;
			sourceTree = "<group>";
		};
		F9C97B351EA6C45A00FA475E /* HenriPotierLibrary */ = {
			isa = PBXGroup;
			children = (
				F9F080E81EACBA90008CB9F7 /* Managers */,
				F9F080DE1EACB886008CB9F7 /* Libs */,
				F9C97B761EA6CA0D00FA475E /* Application */,
				F9C97B5A1EA6C80900FA475E /* Helpers */,
				F9C97B5B1EA6C80900FA475E /* Models */,
			);
			path = HenriPotierLibrary;
			sourceTree = "<group>";
		};
		F9C97B4A1EA6C45B00FA475E /* HenriPotierLibraryTests */ = {
			isa = PBXGroup;
			children = (
				F9C97B4D1EA6C45B00FA475E /* Info.plist */,
				F99D71441EA90D3400351A9A /* BookTests.swift */,
				F9C1B0B01EB1433700E52FD4 /* OfferTests.swift */,
			);
			path = HenriPotierLibraryTests;
			sourceTree = "<group>";
		};
		F9C97B5A1EA6C80900FA475E /* Helpers */ = {
			isa = PBXGroup;
			children = (
				F9F080CC1EAC1F3F008CB9F7 /* UImageViewExtension.swift */,
				F9F080CE1EAC2616008CB9F7 /* NumberExtension.swift */,
			);
			path = Helpers;
			sourceTree = "<group>";
		};
		F9C97B5B1EA6C80900FA475E /* Models */ = {
			isa = PBXGroup;
			children = (
				F99D71311EA9053200351A9A /* Book.swift */,
				F9C1B0AE1EB1408E00E52FD4 /* Offer.swift */,
			);
			path = Models;
			sourceTree = "<group>";
		};
		F9C97B761EA6CA0D00FA475E /* Application */ = {
			isa = PBXGroup;
			children = (
				F9F080F51EAD5984008CB9F7 /* CartView */,
				F99D715A1EA95BC100351A9A /* Shared */,
				F99D71571EA95B6300351A9A /* BooksView */,
			);
			path = Application;
			sourceTree = "<group>";
		};
		F9F080DE1EACB886008CB9F7 /* Libs */ = {
			isa = PBXGroup;
			children = (
				F9F080DF1EACB886008CB9F7 /* BarButtonItemBadge */,
				F9F080E51EACB886008CB9F7 /* HenriPotierLibrary-Bridging-Header.h */,
			);
			path = Libs;
			sourceTree = "<group>";
		};
		F9F080DF1EACB886008CB9F7 /* BarButtonItemBadge */ = {
			isa = PBXGroup;
			children = (
				F9F080E01EACB886008CB9F7 /* BarButtonItemBadge.h */,
				F9F080E11EACB886008CB9F7 /* UIBarButtonItem+Badge.h */,
				F9F080E21EACB886008CB9F7 /* UIBarButtonItem+Badge.m */,
				F9F080E31EACB886008CB9F7 /* UIButton+Badge.h */,
				F9F080E41EACB886008CB9F7 /* UIButton+Badge.m */,
			);
			path = BarButtonItemBadge;
			sourceTree = "<group>";
		};
		F9F080E81EACBA90008CB9F7 /* Managers */ = {
			isa = PBXGroup;
			children = (
				F9F080E91EACBA90008CB9F7 /* Networking */,
				F9F080F11EACBACB008CB9F7 /* CartManager.swift */,
			);
			path = Managers;
			sourceTree = "<group>";
		};
		F9F080E91EACBA90008CB9F7 /* Networking */ = {
			isa = PBXGroup;
			children = (
				F9F080EA1EACBA90008CB9F7 /* APIs */,
				F9F080ED1EACBA90008CB9F7 /* RequestManager.swift */,
			);
			path = Networking;
			sourceTree = "<group>";
		};
		F9F080EA1EACBA90008CB9F7 /* APIs */ = {
			isa = PBXGroup;
			children = (
				F9F080EB1EACBA90008CB9F7 /* ApiManager.swift */,
				F9F080EC1EACBA90008CB9F7 /* BookApiManager.swift */,
				F9C1B0B21EB14C0400E52FD4 /* OfferApiManager.swift */,
			);
			path = APIs;
			sourceTree = "<group>";
		};
		F9F080F51EAD5984008CB9F7 /* CartView */ = {
			isa = PBXGroup;
			children = (
				F9F080F61EAD5984008CB9F7 /* CartViewController.swift */,
				F9F080F81EAD59A3008CB9F7 /* CartTableViewCell.swift */,
				F9F080FA1EAD5C4D008CB9F7 /* BookModelView.swift */,
			);
			path = CartView;
			sourceTree = "<group>";
		};
/* End PBXGroup section */

/* Begin PBXNativeTarget section */
		F9C97B321EA6C45A00FA475E /* HenriPotierLibrary */ = {
			isa = PBXNativeTarget;
			buildConfigurationList = F9C97B501EA6C45B00FA475E /* Build configuration list for PBXNativeTarget "HenriPotierLibrary" */;
			buildPhases = (
				E8198357B328442AE15DF589 /* [CP] Check Pods Manifest.lock */,
				F9C97B2F1EA6C45A00FA475E /* Sources */,
				F9C97B301EA6C45A00FA475E /* Frameworks */,
				F9C97B311EA6C45A00FA475E /* Resources */,
				D12F251BA6D4EBB7FEDC8C71 /* [CP] Embed Pods Frameworks */,
				E5803594D569776C33F105E8 /* [CP] Copy Pods Resources */,
			);
			buildRules = (
			);
			dependencies = (
			);
			name = HenriPotierLibrary;
			productName = HenriPotierLibrary;
			productReference = F9C97B331EA6C45A00FA475E /* HenriPotierLibrary.app */;
			productType = "com.apple.product-type.application";
		};
		F9C97B461EA6C45B00FA475E /* HenriPotierLibraryTests */ = {
			isa = PBXNativeTarget;
			buildConfigurationList = F9C97B531EA6C45B00FA475E /* Build configuration list for PBXNativeTarget "HenriPotierLibraryTests" */;
			buildPhases = (
				AE21A5B47F5EE80BA839AEBA /* [CP] Check Pods Manifest.lock */,
				F9C97B431EA6C45B00FA475E /* Sources */,
				F9C97B441EA6C45B00FA475E /* Frameworks */,
				F9C97B451EA6C45B00FA475E /* Resources */,
				8B9B75AADA12E48D3F6E6905 /* [CP] Embed Pods Frameworks */,
				2B4CFA4C7289A5CA81F1BC88 /* [CP] Copy Pods Resources */,
			);
			buildRules = (
			);
			dependencies = (
				F9C97B491EA6C45B00FA475E /* PBXTargetDependency */,
			);
			name = HenriPotierLibraryTests;
			productName = HenriPotierLibraryTests;
			productReference = F9C97B471EA6C45B00FA475E /* HenriPotierLibraryTests.xctest */;
			productType = "com.apple.product-type.bundle.unit-test";
		};
/* End PBXNativeTarget section */

/* Begin PBXProject section */
		F9C97B2B1EA6C45A00FA475E /* Project object */ = {
			isa = PBXProject;
			attributes = {
				LastSwiftUpdateCheck = 0830;
				LastUpgradeCheck = 0830;
				ORGANIZATIONNAME = "Ahmed K";
				TargetAttributes = {
					F9C97B321EA6C45A00FA475E = {
						CreatedOnToolsVersion = 8.3.1;
						DevelopmentTeam = X4S5YE2LML;
						ProvisioningStyle = Automatic;
					};
					F9C97B461EA6C45B00FA475E = {
						CreatedOnToolsVersion = 8.3.1;
						DevelopmentTeam = X4S5YE2LML;
						LastSwiftMigration = 0830;
						ProvisioningStyle = Automatic;
						TestTargetID = F9C97B321EA6C45A00FA475E;
					};
				};
			};
			buildConfigurationList = F9C97B2E1EA6C45A00FA475E /* Build configuration list for PBXProject "HenriPotierLibrary" */;
			compatibilityVersion = "Xcode 3.2";
			developmentRegion = English;
			hasScannedForEncodings = 0;
			knownRegions = (
				en,
				Base,
			);
			mainGroup = F9C97B2A1EA6C45A00FA475E;
			productRefGroup = F9C97B341EA6C45A00FA475E /* Products */;
			projectDirPath = "";
			projectRoot = "";
			targets = (
				F9C97B321EA6C45A00FA475E /* HenriPotierLibrary */,
				F9C97B461EA6C45B00FA475E /* HenriPotierLibraryTests */,
			);
		};
/* End PBXProject section */

/* Begin PBXResourcesBuildPhase section */
		F9C97B311EA6C45A00FA475E /* Resources */ = {
			isa = PBXResourcesBuildPhase;
			buildActionMask = 2147483647;
			files = (
				F99D71681EA95BC100351A9A /* Info.plist in Resources */,
				F99D71671EA95BC100351A9A /* Main.storyboard in Resources */,
				F99D71651EA95BC100351A9A /* Assets.xcassets in Resources */,
				F99D71661EA95BC100351A9A /* LaunchScreen.storyboard in Resources */,
			);
			runOnlyForDeploymentPostprocessing = 0;
		};
		F9C97B451EA6C45B00FA475E /* Resources */ = {
			isa = PBXResourcesBuildPhase;
			buildActionMask = 2147483647;
			files = (
			);
			runOnlyForDeploymentPostprocessing = 0;
		};
/* End PBXResourcesBuildPhase section */

/* Begin PBXShellScriptBuildPhase section */
		2B4CFA4C7289A5CA81F1BC88 /* [CP] Copy Pods Resources */ = {
			isa = PBXShellScriptBuildPhase;
			buildActionMask = 2147483647;
			files = (
			);
			inputPaths = (
			);
			name = "[CP] Copy Pods Resources";
			outputPaths = (
			);
			runOnlyForDeploymentPostprocessing = 0;
			shellPath = /bin/sh;
			shellScript = "\"${SRCROOT}/Pods/Target Support Files/Pods-HenriPotierLibraryTests/Pods-HenriPotierLibraryTests-resources.sh\"\n";
			showEnvVarsInLog = 0;
		};
		8B9B75AADA12E48D3F6E6905 /* [CP] Embed Pods Frameworks */ = {
			isa = PBXShellScriptBuildPhase;
			buildActionMask = 2147483647;
			files = (
			);
			inputPaths = (
			);
			name = "[CP] Embed Pods Frameworks";
			outputPaths = (
			);
			runOnlyForDeploymentPostprocessing = 0;
			shellPath = /bin/sh;
			shellScript = "\"${SRCROOT}/Pods/Target Support Files/Pods-HenriPotierLibraryTests/Pods-HenriPotierLibraryTests-frameworks.sh\"\n";
			showEnvVarsInLog = 0;
		};
		AE21A5B47F5EE80BA839AEBA /* [CP] Check Pods Manifest.lock */ = {
			isa = PBXShellScriptBuildPhase;
			buildActionMask = 2147483647;
			files = (
			);
			inputPaths = (
			);
			name = "[CP] Check Pods Manifest.lock";
			outputPaths = (
			);
			runOnlyForDeploymentPostprocessing = 0;
			shellPath = /bin/sh;
			shellScript = "diff \"${PODS_PODFILE_DIR_PATH}/Podfile.lock\" \"${PODS_ROOT}/Manifest.lock\" > /dev/null\nif [ $? != 0 ] ; then\n    # print error to STDERR\n    echo \"error: The sandbox is not in sync with the Podfile.lock. Run 'pod install' or update your CocoaPods installation.\" >&2\n    exit 1\nfi\n";
			showEnvVarsInLog = 0;
		};
		D12F251BA6D4EBB7FEDC8C71 /* [CP] Embed Pods Frameworks */ = {
			isa = PBXShellScriptBuildPhase;
			buildActionMask = 2147483647;
			files = (
			);
			inputPaths = (
			);
			name = "[CP] Embed Pods Frameworks";
			outputPaths = (
			);
			runOnlyForDeploymentPostprocessing = 0;
			shellPath = /bin/sh;
			shellScript = "\"${SRCROOT}/Pods/Target Support Files/Pods-HenriPotierLibrary/Pods-HenriPotierLibrary-frameworks.sh\"\n";
			showEnvVarsInLog = 0;
		};
		E5803594D569776C33F105E8 /* [CP] Copy Pods Resources */ = {
			isa = PBXShellScriptBuildPhase;
			buildActionMask = 2147483647;
			files = (
			);
			inputPaths = (
			);
			name = "[CP] Copy Pods Resources";
			outputPaths = (
			);
			runOnlyForDeploymentPostprocessing = 0;
			shellPath = /bin/sh;
			shellScript = "\"${SRCROOT}/Pods/Target Support Files/Pods-HenriPotierLibrary/Pods-HenriPotierLibrary-resources.sh\"\n";
			showEnvVarsInLog = 0;
		};
		E8198357B328442AE15DF589 /* [CP] Check Pods Manifest.lock */ = {
			isa = PBXShellScriptBuildPhase;
			buildActionMask = 2147483647;
			files = (
			);
			inputPaths = (
			);
			name = "[CP] Check Pods Manifest.lock";
			outputPaths = (
			);
			runOnlyForDeploymentPostprocessing = 0;
			shellPath = /bin/sh;
			shellScript = "diff \"${PODS_PODFILE_DIR_PATH}/Podfile.lock\" \"${PODS_ROOT}/Manifest.lock\" > /dev/null\nif [ $? != 0 ] ; then\n    # print error to STDERR\n    echo \"error: The sandbox is not in sync with the Podfile.lock. Run 'pod install' or update your CocoaPods installation.\" >&2\n    exit 1\nfi\n";
			showEnvVarsInLog = 0;
		};
/* End PBXShellScriptBuildPhase section */

/* Begin PBXSourcesBuildPhase section */
		F9C97B2F1EA6C45A00FA475E /* Sources */ = {
			isa = PBXSourcesBuildPhase;
			buildActionMask = 2147483647;
			files = (
				F99D716B1EA95FEB00351A9A /* BookTableViewCell.swift in Sources */,
				F9F080F21EACBACB008CB9F7 /* CartManager.swift in Sources */,
				F9F080F71EAD5984008CB9F7 /* CartViewController.swift in Sources */,
				F9F080EF1EACBA90008CB9F7 /* BookApiManager.swift in Sources */,
				F9F080EE1EACBA90008CB9F7 /* ApiManager.swift in Sources */,
				F9F080E71EACB886008CB9F7 /* UIButton+Badge.m in Sources */,
				F99D71321EA9053200351A9A /* Book.swift in Sources */,
				F9F080F91EAD59A3008CB9F7 /* CartTableViewCell.swift in Sources */,
				F9C1B0AF1EB1408E00E52FD4 /* Offer.swift in Sources */,
				F9F080FB1EAD5C4D008CB9F7 /* BookModelView.swift in Sources */,
				F9F080E61EACB886008CB9F7 /* UIBarButtonItem+Badge.m in Sources */,
				F99D71641EA95BC100351A9A /* AppDelegate.swift in Sources */,
				F9F080F01EACBA90008CB9F7 /* RequestManager.swift in Sources */,
				F9F080CD1EAC1F3F008CB9F7 /* UImageViewExtension.swift in Sources */,
				F99D71591EA95B7D00351A9A /* BooksViewController.swift in Sources */,
				F9C1B0B31EB14C0400E52FD4 /* OfferApiManager.swift in Sources */,
				F9F080CF1EAC2616008CB9F7 /* NumberExtension.swift in Sources */,
			);
			runOnlyForDeploymentPostprocessing = 0;
		};
		F9C97B431EA6C45B00FA475E /* Sources */ = {
			isa = PBXSourcesBuildPhase;
			buildActionMask = 2147483647;
			files = (
				F9C1B0B11EB1433700E52FD4 /* OfferTests.swift in Sources */,
				F99D71451EA90D3400351A9A /* BookTests.swift in Sources */,
			);
			runOnlyForDeploymentPostprocessing = 0;
		};
/* End PBXSourcesBuildPhase section */

/* Begin PBXTargetDependency section */
		F9C97B491EA6C45B00FA475E /* PBXTargetDependency */ = {
			isa = PBXTargetDependency;
			target = F9C97B321EA6C45A00FA475E /* HenriPotierLibrary */;
			targetProxy = F9C97B481EA6C45B00FA475E /* PBXContainerItemProxy */;
		};
/* End PBXTargetDependency section */

/* Begin PBXVariantGroup section */
		F99D715E1EA95BC100351A9A /* LaunchScreen.storyboard */ = {
			isa = PBXVariantGroup;
			children = (
				F99D715F1EA95BC100351A9A /* Base */,
			);
			name = LaunchScreen.storyboard;
			sourceTree = "<group>";
		};
		F99D71601EA95BC100351A9A /* Main.storyboard */ = {
			isa = PBXVariantGroup;
			children = (
				F99D71611EA95BC100351A9A /* Base */,
			);
			name = Main.storyboard;
			sourceTree = "<group>";
		};
/* End PBXVariantGroup section */

/* Begin XCBuildConfiguration section */
		F9C97B4E1EA6C45B00FA475E /* Debug */ = {
			isa = XCBuildConfiguration;
			buildSettings = {
				ALWAYS_SEARCH_USER_PATHS = NO;
				CLANG_ANALYZER_NONNULL = YES;
				CLANG_ANALYZER_NUMBER_OBJECT_CONVERSION = YES_AGGRESSIVE;
				CLANG_CXX_LANGUAGE_STANDARD = "gnu++0x";
				CLANG_CXX_LIBRARY = "libc++";
				CLANG_ENABLE_MODULES = YES;
				CLANG_ENABLE_OBJC_ARC = YES;
				CLANG_WARN_BOOL_CONVERSION = YES;
				CLANG_WARN_CONSTANT_CONVERSION = YES;
				CLANG_WARN_DIRECT_OBJC_ISA_USAGE = YES_ERROR;
				CLANG_WARN_DOCUMENTATION_COMMENTS = YES;
				CLANG_WARN_EMPTY_BODY = YES;
				CLANG_WARN_ENUM_CONVERSION = YES;
				CLANG_WARN_INFINITE_RECURSION = YES;
				CLANG_WARN_INT_CONVERSION = YES;
				CLANG_WARN_OBJC_ROOT_CLASS = YES_ERROR;
				CLANG_WARN_SUSPICIOUS_MOVE = YES;
				CLANG_WARN_UNREACHABLE_CODE = YES;
				CLANG_WARN__DUPLICATE_METHOD_MATCH = YES;
				"CODE_SIGN_IDENTITY[sdk=iphoneos*]" = "iPhone Developer";
				COPY_PHASE_STRIP = NO;
				DEBUG_INFORMATION_FORMAT = dwarf;
				ENABLE_STRICT_OBJC_MSGSEND = YES;
				ENABLE_TESTABILITY = YES;
				GCC_C_LANGUAGE_STANDARD = gnu99;
				GCC_DYNAMIC_NO_PIC = NO;
				GCC_NO_COMMON_BLOCKS = YES;
				GCC_OPTIMIZATION_LEVEL = 0;
				GCC_PREPROCESSOR_DEFINITIONS = (
					"DEBUG=1",
					"$(inherited)",
				);
				GCC_WARN_64_TO_32_BIT_CONVERSION = YES;
				GCC_WARN_ABOUT_RETURN_TYPE = YES_ERROR;
				GCC_WARN_UNDECLARED_SELECTOR = YES;
				GCC_WARN_UNINITIALIZED_AUTOS = YES_AGGRESSIVE;
				GCC_WARN_UNUSED_FUNCTION = YES;
				GCC_WARN_UNUSED_VARIABLE = YES;
				IPHONEOS_DEPLOYMENT_TARGET = 10.3;
				MTL_ENABLE_DEBUG_INFO = YES;
				ONLY_ACTIVE_ARCH = YES;
				SDKROOT = iphoneos;
				SWIFT_ACTIVE_COMPILATION_CONDITIONS = DEBUG;
				SWIFT_OPTIMIZATION_LEVEL = "-Onone";
			};
			name = Debug;
		};
		F9C97B4F1EA6C45B00FA475E /* Release */ = {
			isa = XCBuildConfiguration;
			buildSettings = {
				ALWAYS_SEARCH_USER_PATHS = NO;
				CLANG_ANALYZER_NONNULL = YES;
				CLANG_ANALYZER_NUMBER_OBJECT_CONVERSION = YES_AGGRESSIVE;
				CLANG_CXX_LANGUAGE_STANDARD = "gnu++0x";
				CLANG_CXX_LIBRARY = "libc++";
				CLANG_ENABLE_MODULES = YES;
				CLANG_ENABLE_OBJC_ARC = YES;
				CLANG_WARN_BOOL_CONVERSION = YES;
				CLANG_WARN_CONSTANT_CONVERSION = YES;
				CLANG_WARN_DIRECT_OBJC_ISA_USAGE = YES_ERROR;
				CLANG_WARN_DOCUMENTATION_COMMENTS = YES;
				CLANG_WARN_EMPTY_BODY = YES;
				CLANG_WARN_ENUM_CONVERSION = YES;
				CLANG_WARN_INFINITE_RECURSION = YES;
				CLANG_WARN_INT_CONVERSION = YES;
				CLANG_WARN_OBJC_ROOT_CLASS = YES_ERROR;
				CLANG_WARN_SUSPICIOUS_MOVE = YES;
				CLANG_WARN_UNREACHABLE_CODE = YES;
				CLANG_WARN__DUPLICATE_METHOD_MATCH = YES;
				"CODE_SIGN_IDENTITY[sdk=iphoneos*]" = "iPhone Developer";
				COPY_PHASE_STRIP = NO;
				DEBUG_INFORMATION_FORMAT = "dwarf-with-dsym";
				ENABLE_NS_ASSERTIONS = NO;
				ENABLE_STRICT_OBJC_MSGSEND = YES;
				GCC_C_LANGUAGE_STANDARD = gnu99;
				GCC_NO_COMMON_BLOCKS = YES;
				GCC_WARN_64_TO_32_BIT_CONVERSION = YES;
				GCC_WARN_ABOUT_RETURN_TYPE = YES_ERROR;
				GCC_WARN_UNDECLARED_SELECTOR = YES;
				GCC_WARN_UNINITIALIZED_AUTOS = YES_AGGRESSIVE;
				GCC_WARN_UNUSED_FUNCTION = YES;
				GCC_WARN_UNUSED_VARIABLE = YES;
				IPHONEOS_DEPLOYMENT_TARGET = 10.3;
				MTL_ENABLE_DEBUG_INFO = NO;
				SDKROOT = iphoneos;
				SWIFT_OPTIMIZATION_LEVEL = "-Owholemodule";
				VALIDATE_PRODUCT = YES;
			};
			name = Release;
		};
		F9C97B511EA6C45B00FA475E /* Debug */ = {
			isa = XCBuildConfiguration;
			baseConfigurationReference = 19881B2D93B2044AD7EA6141 /* Pods-HenriPotierLibrary.debug.xcconfig */;
			buildSettings = {
				ASSETCATALOG_COMPILER_APPICON_NAME = AppIcon;
				DEVELOPMENT_TEAM = X4S5YE2LML;
				INFOPLIST_FILE = "$(SRCROOT)/HenriPotierLibrary/Application/Shared/Assets/Info.plist";
				LD_RUNPATH_SEARCH_PATHS = "$(inherited) @executable_path/Frameworks";
				PRODUCT_BUNDLE_IDENTIFIER = fr.xebia.HenriPotierLibrary;
				PRODUCT_NAME = "$(TARGET_NAME)";
				SWIFT_OBJC_BRIDGING_HEADER = "$(PROJECT_DIR)/$(PROJECT_NAME)/Libs/$(PROJECT_NAME)-Bridging-Header.h";
				SWIFT_VERSION = 3.0;
			};
			name = Debug;
		};
		F9C97B521EA6C45B00FA475E /* Release */ = {
			isa = XCBuildConfiguration;
			baseConfigurationReference = 0DCF5FDADAE51D6E72B041CC /* Pods-HenriPotierLibrary.release.xcconfig */;
			buildSettings = {
				ASSETCATALOG_COMPILER_APPICON_NAME = AppIcon;
				DEVELOPMENT_TEAM = X4S5YE2LML;
				INFOPLIST_FILE = "$(SRCROOT)/HenriPotierLibrary/Application/Shared/Assets/Info.plist";
				LD_RUNPATH_SEARCH_PATHS = "$(inherited) @executable_path/Frameworks";
				PRODUCT_BUNDLE_IDENTIFIER = fr.xebia.HenriPotierLibrary;
				PRODUCT_NAME = "$(TARGET_NAME)";
				SWIFT_OBJC_BRIDGING_HEADER = "$(PROJECT_DIR)/$(PROJECT_NAME)/Libs/$(PROJECT_NAME)-Bridging-Header.h";
				SWIFT_VERSION = 3.0;
			};
			name = Release;
		};
		F9C97B541EA6C45B00FA475E /* Debug */ = {
			isa = XCBuildConfiguration;
			baseConfigurationReference = 8CDB94F8D4254A1E22EE4FFA /* Pods-HenriPotierLibraryTests.debug.xcconfig */;
			buildSettings = {
				ALWAYS_EMBED_SWIFT_STANDARD_LIBRARIES = YES;
				BUNDLE_LOADER = "$(TEST_HOST)";
				CLANG_ENABLE_MODULES = YES;
				DEVELOPMENT_TEAM = X4S5YE2LML;
				INFOPLIST_FILE = HenriPotierLibraryTests/Info.plist;
				LD_RUNPATH_SEARCH_PATHS = "$(inherited) @executable_path/Frameworks @loader_path/Frameworks";
				PRODUCT_BUNDLE_IDENTIFIER = fr.xebia.HenriPotierLibraryTests;
				PRODUCT_NAME = "$(TARGET_NAME)";
				SWIFT_OPTIMIZATION_LEVEL = "-Onone";
				SWIFT_VERSION = 3.0;
				TEST_HOST = "$(BUILT_PRODUCTS_DIR)/HenriPotierLibrary.app/HenriPotierLibrary";
			};
			name = Debug;
		};
		F9C97B551EA6C45B00FA475E /* Release */ = {
			isa = XCBuildConfiguration;
			baseConfigurationReference = AE87491EF35F8DFA5E792E08 /* Pods-HenriPotierLibraryTests.release.xcconfig */;
			buildSettings = {
				ALWAYS_EMBED_SWIFT_STANDARD_LIBRARIES = YES;
				BUNDLE_LOADER = "$(TEST_HOST)";
				CLANG_ENABLE_MODULES = YES;
				DEVELOPMENT_TEAM = X4S5YE2LML;
				INFOPLIST_FILE = HenriPotierLibraryTests/Info.plist;
				LD_RUNPATH_SEARCH_PATHS = "$(inherited) @executable_path/Frameworks @loader_path/Frameworks";
				PRODUCT_BUNDLE_IDENTIFIER = fr.xebia.HenriPotierLibraryTests;
				PRODUCT_NAME = "$(TARGET_NAME)";
				SWIFT_VERSION = 3.0;
				TEST_HOST = "$(BUILT_PRODUCTS_DIR)/HenriPotierLibrary.app/HenriPotierLibrary";
			};
			name = Release;
		};
/* End XCBuildConfiguration section */

/* Begin XCConfigurationList section */
		F9C97B2E1EA6C45A00FA475E /* Build configuration list for PBXProject "HenriPotierLibrary" */ = {
			isa = XCConfigurationList;
			buildConfigurations = (
				F9C97B4E1EA6C45B00FA475E /* Debug */,
				F9C97B4F1EA6C45B00FA475E /* Release */,
			);
			defaultConfigurationIsVisible = 0;
			defaultConfigurationName = Release;
		};
		F9C97B501EA6C45B00FA475E /* Build configuration list for PBXNativeTarget "HenriPotierLibrary" */ = {
			isa = XCConfigurationList;
			buildConfigurations = (
				F9C97B511EA6C45B00FA475E /* Debug */,
				F9C97B521EA6C45B00FA475E /* Release */,
			);
			defaultConfigurationIsVisible = 0;
			defaultConfigurationName = Release;
		};
		F9C97B531EA6C45B00FA475E /* Build configuration list for PBXNativeTarget "HenriPotierLibraryTests" */ = {
			isa = XCConfigurationList;
			buildConfigurations = (
				F9C97B541EA6C45B00FA475E /* Debug */,
				F9C97B551EA6C45B00FA475E /* Release */,
			);
			defaultConfigurationIsVisible = 0;
			defaultConfigurationName = Release;
		};
/* End XCConfigurationList section */
	};
	rootObject = F9C97B2B1EA6C45A00FA475E /* Project object */;
}
